{
  "requires": true,
  "lockfileVersion": 1,
  "dependencies": {
    "young-ddui": {
      "version": "1.0.5",
      "resolved": "https://registry.npm.taobao.org/young-ddui/download/young-ddui-1.0.5.tgz?cache=0&sync_timestamp=1563428160513&other_urls=https%3A%2F%2Fregistry.npm.taobao.org%2Fyoung-ddui%2Fdownload%2Fyoung-ddui-1.0.5.tgz",
      "integrity": "sha1-VdHGp2vPCcZW8v1qHbhDDseeJ28="
    }
  }
}
